// !$*UTF8*$!
{
	archiveVersion = 1;
	classes = {
	};
	objectVersion = 46;
	objects = {

/* Begin PBXBuildFile section */
		C06E36431D4C892C004B3B09 /* FBAudienceNetwork.framework in Frameworks */ = {isa = PBXBuildFile; fileRef = C06E36421D4C892C004B3B09 /* FBAudienceNetwork.framework */; };
		C06E36451D4C894B004B3B09 /* StoreKit.framework in Frameworks */ = {isa = PBXBuildFile; fileRef = C06E36441D4C894B004B3B09 /* StoreKit.framework */; };
		C06E36471D4C8951004B3B09 /* CoreMotion.framework in Frameworks */ = {isa = PBXBuildFile; fileRef = C06E36461D4C8951004B3B09 /* CoreMotion.framework */; };
		C06E36491D4C895A004B3B09 /* AdSupport.framework in Frameworks */ = {isa = PBXBuildFile; fileRef = C06E36481D4C895A004B3B09 /* AdSupport.framework */; };
		C0D3ADFE1D4BA68B00509720 /* AppDelegate.swift in Sources */ = {isa = PBXBuildFile; fileRef = C0D3ADFD1D4BA68B00509720 /* AppDelegate.swift */; };
		C0D3AE051D4BA68B00509720 /* Main.storyboard in Resources */ = {isa = PBXBuildFile; fileRef = C0D3AE031D4BA68B00509720 /* Main.storyboard */; };
		C0D3AE071D4BA68B00509720 /* Assets.xcassets in Resources */ = {isa = PBXBuildFile; fileRef = C0D3AE061D4BA68B00509720 /* Assets.xcassets */; };
		C0D3AE0A1D4BA68B00509720 /* LaunchScreen.storyboard in Resources */ = {isa = PBXBuildFile; fileRef = C0D3AE081D4BA68B00509720 /* LaunchScreen.storyboard */; };
		C0D3AE121D4BA6A100509720 /* SingleAdsViewController.swift in Sources */ = {isa = PBXBuildFile; fileRef = C0D3AE111D4BA6A100509720 /* SingleAdsViewController.swift */; };
		C0D3AE141D4BA6AF00509720 /* TableViewAdsViewController.swift in Sources */ = {isa = PBXBuildFile; fileRef = C0D3AE131D4BA6AF00509720 /* TableViewAdsViewController.swift */; };
		C0D3AE161D4BA6BF00509720 /* FullScreenAdsViewController.swift in Sources */ = {isa = PBXBuildFile; fileRef = C0D3AE151D4BA6BF00509720 /* FullScreenAdsViewController.swift */; };
		C0D3AE181D4BA6CD00509720 /* BannerAdsViewController.swift in Sources */ = {isa = PBXBuildFile; fileRef = C0D3AE171D4BA6CD00509720 /* BannerAdsViewController.swift */; };
		C0D3AE1A1D4BA6EA00509720 /* SampleCell.xib in Resources */ = {isa = PBXBuildFile; fileRef = C0D3AE191D4BA6EA00509720 /* SampleCell.xib */; };
		C0D3AE1C1D4BA6FB00509720 /* SampleCell.swift in Sources */ = {isa = PBXBuildFile; fileRef = C0D3AE1B1D4BA6FB00509720 /* SampleCell.swift */; };
/* End PBXBuildFile section */

/* Begin PBXFileReference section */
		C06E36421D4C892C004B3B09 /* FBAudienceNetwork.framework */ = {isa = PBXFileReference; lastKnownFileType = wrapper.framework; path = FBAudienceNetwork.framework; sourceTree = "<group>"; };
		C06E36441D4C894B004B3B09 /* StoreKit.framework */ = {isa = PBXFileReference; lastKnownFileType = wrapper.framework; name = StoreKit.framework; path = System/Library/Frameworks/StoreKit.framework; sourceTree = SDKROOT; };
		C06E36461D4C8951004B3B09 /* CoreMotion.framework */ = {isa = PBXFileReference; lastKnownFileType = wrapper.framework; name = CoreMotion.framework; path = System/Library/Frameworks/CoreMotion.framework; sourceTree = SDKROOT; };
		C06E36481D4C895A004B3B09 /* AdSupport.framework */ = {isa = PBXFileReference; lastKnownFileType = wrapper.framework; name = AdSupport.framework; path = System/Library/Frameworks/AdSupport.framework; sourceTree = SDKROOT; };
		C06E364D1D4C92D6004B3B09 /* AdsTutorial-Bridging-Header.h */ = {isa = PBXFileReference; lastKnownFileType = sourcecode.c.h; path = "AdsTutorial-Bridging-Header.h"; sourceTree = "<group>"; };
		C0D3ADFA1D4BA68B00509720 /* AdsTutorial.app */ = {isa = PBXFileReference; explicitFileType = wrapper.application; includeInIndex = 0; path = AdsTutorial.app; sourceTree = BUILT_PRODUCTS_DIR; };
		C0D3ADFD1D4BA68B00509720 /* AppDelegate.swift */ = {isa = PBXFileReference; lastKnownFileType = sourcecode.swift; path = AppDelegate.swift; sourceTree = "<group>"; };
		C0D3AE041D4BA68B00509720 /* Base */ = {isa = PBXFileReference; lastKnownFileType = file.storyboard; name = Base; path = Base.lproj/Main.storyboard; sourceTree = "<group>"; };
		C0D3AE061D4BA68B00509720 /* Assets.xcassets */ = {isa = PBXFileReference; lastKnownFileType = folder.assetcatalog; path = Assets.xcassets; sourceTree = "<group>"; };
		C0D3AE091D4BA68B00509720 /* Base */ = {isa = PBXFileReference; lastKnownFileType = file.storyboard; name = Base; path = Base.lproj/LaunchScreen.storyboard; sourceTree = "<group>"; };
		C0D3AE0B1D4BA68B00509720 /* Info.plist */ = {isa = PBXFileReference; lastKnownFileType = text.plist.xml; path = Info.plist; sourceTree = "<group>"; };
		C0D3AE111D4BA6A100509720 /* SingleAdsViewController.swift */ = {isa = PBXFileReference; fileEncoding = 4; lastKnownFileType = sourcecode.swift; path = SingleAdsViewController.swift; sourceTree = "<group>"; };
		C0D3AE131D4BA6AF00509720 /* TableViewAdsViewController.swift */ = {isa = PBXFileReference; fileEncoding = 4; lastKnownFileType = sourcecode.swift; path = TableViewAdsViewController.swift; sourceTree = "<group>"; };
		C0D3AE151D4BA6BF00509720 /* FullScreenAdsViewController.swift */ = {isa = PBXFileReference; fileEncoding = 4; lastKnownFileType = sourcecode.swift; path = FullScreenAdsViewController.swift; sourceTree = "<group>"; };
		C0D3AE171D4BA6CD00509720 /* BannerAdsViewController.swift */ = {isa = PBXFileReference; fileEncoding = 4; lastKnownFileType = sourcecode.swift; path = BannerAdsViewController.swift; sourceTree = "<group>"; };
		C0D3AE191D4BA6EA00509720 /* SampleCell.xib */ = {isa = PBXFileReference; fileEncoding = 4; lastKnownFileType = file.xib; path = SampleCell.xib; sourceTree = "<group>"; };
		C0D3AE1B1D4BA6FB00509720 /* SampleCell.swift */ = {isa = PBXFileReference; fileEncoding = 4; lastKnownFileType = sourcecode.swift; path = SampleCell.swift; sourceTree = "<group>"; };
/* End PBXFileReference section */

/* Begin PBXFrameworksBuildPhase section */
		C0D3ADF71D4BA68B00509720 /* Frameworks */ = {
			isa = PBXFrameworksBuildPhase;
			buildActionMask = 2147483647;
			files = (
				C06E36491D4C895A004B3B09 /* AdSupport.framework in Frameworks */,
				C06E36471D4C8951004B3B09 /* CoreMotion.framework in Frameworks */,
				C06E36451D4C894B004B3B09 /* StoreKit.framework in Frameworks */,
				C06E36431D4C892C004B3B09 /* FBAudienceNetwork.framework in Frameworks */,
			);
			runOnlyForDeploymentPostprocessing = 0;
		};
/* End PBXFrameworksBuildPhase section */

/* Begin PBXGroup section */
		C0D3ADF11D4BA68B00509720 = {
			isa = PBXGroup;
			children = (
				C06E36481D4C895A004B3B09 /* AdSupport.framework */,
				C06E36461D4C8951004B3B09 /* CoreMotion.framework */,
				C06E36441D4C894B004B3B09 /* StoreKit.framework */,
				C06E36421D4C892C004B3B09 /* FBAudienceNetwork.framework */,
				C0D3ADFC1D4BA68B00509720 /* AdsTutorial */,
				C0D3ADFB1D4BA68B00509720 /* Products */,
			);
			sourceTree = "<group>";
		};
		C0D3ADFB1D4BA68B00509720 /* Products */ = {
			isa = PBXGroup;
			children = (
				C0D3ADFA1D4BA68B00509720 /* AdsTutorial.app */,
			);
			name = Products;
			sourceTree = "<group>";
		};
		C0D3ADFC1D4BA68B00509720 /* AdsTutorial */ = {
			isa = PBXGroup;
			children = (
				C0D3ADFD1D4BA68B00509720 /* AppDelegate.swift */,
				C0D3AE111D4BA6A100509720 /* SingleAdsViewController.swift */,
				C0D3AE131D4BA6AF00509720 /* TableViewAdsViewController.swift */,
				C0D3AE151D4BA6BF00509720 /* FullScreenAdsViewController.swift */,
				C0D3AE171D4BA6CD00509720 /* BannerAdsViewController.swift */,
				C0D3AE1B1D4BA6FB00509720 /* SampleCell.swift */,
				C0D3AE191D4BA6EA00509720 /* SampleCell.xib */,
				C0D3AE031D4BA68B00509720 /* Main.storyboard */,
				C06E364D1D4C92D6004B3B09 /* AdsTutorial-Bridging-Header.h */,
				C0D3AE061D4BA68B00509720 /* Assets.xcassets */,
				C0D3AE081D4BA68B00509720 /* LaunchScreen.storyboard */,
				C0D3AE0B1D4BA68B00509720 /* Info.plist */,
			);
			path = AdsTutorial;
			sourceTree = "<group>";
		};
/* End PBXGroup section */

/* Begin PBXNativeTarget section */
		C0D3ADF91D4BA68B00509720 /* AdsTutorial */ = {
			isa = PBXNativeTarget;
			buildConfigurationList = C0D3AE0E1D4BA68B00509720 /* Build configuration list for PBXNativeTarget "AdsTutorial" */;
			buildPhases = (
				C0D3ADF61D4BA68B00509720 /* Sources */,
				C0D3ADF71D4BA68B00509720 /* Frameworks */,
				C0D3ADF81D4BA68B00509720 /* Resources */,
			);
			buildRules = (
			);
			dependencies = (
			);
			name = AdsTutorial;
			productName = AdsTutorial;
			productReference = C0D3ADFA1D4BA68B00509720 /* AdsTutorial.app */;
			productType = "com.apple.product-type.application";
		};
/* End PBXNativeTarget section */

/* Begin PBXProject section */
		C0D3ADF21D4BA68B00509720 /* Project object */ = {
			isa = PBXProject;
			attributes = {
				LastSwiftUpdateCheck = 0730;
				LastUpgradeCheck = 0730;
				ORGANIZATIONNAME = Appcoda;
				TargetAttributes = {
					C0D3ADF91D4BA68B00509720 = {
						CreatedOnToolsVersion = 7.3.1;
					};
				};
			};
			buildConfigurationList = C0D3ADF51D4BA68B00509720 /* Build configuration list for PBXProject "AdsTutorial" */;
			compatibilityVersion = "Xcode 3.2";
			developmentRegion = English;
			hasScannedForEncodings = 0;
			knownRegions = (
				en,
				Base,
			);
			mainGroup = C0D3ADF11D4BA68B00509720;
			productRefGroup = C0D3ADFB1D4BA68B00509720 /* Products */;
			projectDirPath = "";
			projectRoot = "";
			targets = (
				C0D3ADF91D4BA68B00509720 /* AdsTutorial */,
			);
		};
/* End PBXProject section */

/* Begin PBXResourcesBuildPhase section */
		C0D3ADF81D4BA68B00509720 /* Resources */ = {
			isa = PBXResourcesBuildPhase;
			buildActionMask = 2147483647;
			files = (
				C0D3AE0A1D4BA68B00509720 /* LaunchScreen.storyboard in Resources */,
				C0D3AE1A1D4BA6EA00509720 /* SampleCell.xib in Resources */,
				C0D3AE071D4BA68B00509720 /* Assets.xcassets in Resources */,
				C0D3AE051D4BA68B00509720 /* Main.storyboard in Resources */,
			);
			runOnlyForDeploymentPostprocessing = 0;
		};
/* End PBXResourcesBuildPhase section */

/* Begin PBXSourcesBuildPhase section */
		C0D3ADF61D4BA68B00509720 /* Sources */ = {
			isa = PBXSourcesBuildPhase;
			buildActionMask = 2147483647;
			files = (
				C0D3AE181D4BA6CD00509720 /* BannerAdsViewController.swift in Sources */,
				C0D3AE121D4BA6A100509720 /* SingleAdsViewController.swift in Sources */,
				C0D3AE141D4BA6AF00509720 /* TableViewAdsViewController.swift in Sources */,
				C0D3ADFE1D4BA68B00509720 /* AppDelegate.swift in Sources */,
				C0D3AE161D4BA6BF00509720 /* FullScreenAdsViewController.swift in Sources */,
				C0D3AE1C1D4BA6FB00509720 /* SampleCell.swift in Sources */,
			);
			runOnlyForDeploymentPostprocessing = 0;
		};
/* End PBXSourcesBuildPhase section */

/* Begin PBXVariantGroup section */
		C0D3AE031D4BA68B00509720 /* Main.storyboard */ = {
			isa = PBXVariantGroup;
			children = (
				C0D3AE041D4BA68B00509720 /* Base */,
			);
			name = Main.storyboard;
			sourceTree = "<group>";
		};
		C0D3AE081D4BA68B00509720 /* LaunchScreen.storyboard */ = {
			isa = PBXVariantGroup;
			children = (
				C0D3AE091D4BA68B00509720 /* Base */,
			);
			name = LaunchScreen.storyboard;
			sourceTree = "<group>";
		};
/* End PBXVariantGroup section */

/* Begin XCBuildConfiguration section */
		C0D3AE0C1D4BA68B00509720 /* Debug */ = {
			isa = XCBuildConfiguration;
			buildSettings = {
				ALWAYS_SEARCH_USER_PATHS = NO;
				CLANG_ANALYZER_NONNULL = YES;
				CLANG_CXX_LANGUAGE_STANDARD = "gnu++0x";
				CLANG_CXX_LIBRARY = "libc++";
				CLANG_ENABLE_MODULES = YES;
				CLANG_ENABLE_OBJC_ARC = YES;
				CLANG_WARN_BOOL_CONVERSION = YES;
				CLANG_WARN_CONSTANT_CONVERSION = YES;
				CLANG_WARN_DIRECT_OBJC_ISA_USAGE = YES_ERROR;
				CLANG_WARN_EMPTY_BODY = YES;
				CLANG_WARN_ENUM_CONVERSION = YES;
				CLANG_WARN_INT_CONVERSION = YES;
				CLANG_WARN_OBJC_ROOT_CLASS = YES_ERROR;
				CLANG_WARN_UNREACHABLE_CODE = YES;
				CLANG_WARN__DUPLICATE_METHOD_MATCH = YES;
				"CODE_SIGN_IDENTITY[sdk=iphoneos*]" = "iPhone Developer";
				COPY_PHASE_STRIP = NO;
				DEBUG_INFORMATION_FORMAT = dwarf;
				ENABLE_STRICT_OBJC_MSGSEND = YES;
				ENABLE_TESTABILITY = YES;
				GCC_C_LANGUAGE_STANDARD = gnu99;
				GCC_DYNAMIC_NO_PIC = NO;
				GCC_NO_COMMON_BLOCKS = YES;
				GCC_OPTIMIZATION_LEVEL = 0;
				GCC_PREPROCESSOR_DEFINITIONS = (
					"DEBUG=1",
					"$(inherited)",
				);
				GCC_WARN_64_TO_32_BIT_CONVERSION = YES;
				GCC_WARN_ABOUT_RETURN_TYPE = YES_ERROR;
				GCC_WARN_UNDECLARED_SELECTOR = YES;
				GCC_WARN_UNINITIALIZED_AUTOS = YES_AGGRESSIVE;
				GCC_WARN_UNUSED_FUNCTION = YES;
				GCC_WARN_UNUSED_VARIABLE = YES;
				IPHONEOS_DEPLOYMENT_TARGET = 9.3;
				MTL_ENABLE_DEBUG_INFO = YES;
				ONLY_ACTIVE_ARCH = YES;
				SDKROOT = iphoneos;
				SWIFT_OPTIMIZATION_LEVEL = "-Onone";
				TARGETED_DEVICE_FAMILY = "1,2";
			};
			name = Debug;
		};
		C0D3AE0D1D4BA68B00509720 /* Release */ = {
			isa = XCBuildConfiguration;
			buildSettings = {
				ALWAYS_SEARCH_USER_PATHS = NO;
				CLANG_ANALYZER_NONNULL = YES;
				CLANG_CXX_LANGUAGE_STANDARD = "gnu++0x";
				CLANG_CXX_LIBRARY = "libc++";
				CLANG_ENABLE_MODULES = YES;
				CLANG_ENABLE_OBJC_ARC = YES;
				CLANG_WARN_BOOL_CONVERSION = YES;
				CLANG_WARN_CONSTANT_CONVERSION = YES;
				CLANG_WARN_DIRECT_OBJC_ISA_USAGE = YES_ERROR;
				CLANG_WARN_EMPTY_BODY = YES;
				CLANG_WARN_ENUM_CONVERSION = YES;
				CLANG_WARN_INT_CONVERSION = YES;
				CLANG_WARN_OBJC_ROOT_CLASS = YES_ERROR;
				CLANG_WARN_UNREACHABLE_CODE = YES;
				CLANG_WARN__DUPLICATE_METHOD_MATCH = YES;
				"CODE_SIGN_IDENTITY[sdk=iphoneos*]" = "iPhone Developer";
				COPY_PHASE_STRIP = NO;
				DEBUG_INFORMATION_FORMAT = "dwarf-with-dsym";
				ENABLE_NS_ASSERTIONS = NO;
				ENABLE_STRICT_OBJC_MSGSEND = YES;
				GCC_C_LANGUAGE_STANDARD = gnu99;
				GCC_NO_COMMON_BLOCKS = YES;
				GCC_WARN_64_TO_32_BIT_CONVERSION = YES;
				GCC_WARN_ABOUT_RETURN_TYPE = YES_ERROR;
				GCC_WARN_UNDECLARED_SELECTOR = YES;
				GCC_WARN_UNINITIALIZED_AUTOS = YES_AGGRESSIVE;
				GCC_WARN_UNUSED_FUNCTION = YES;
				GCC_WARN_UNUSED_VARIABLE = YES;
				IPHONEOS_DEPLOYMENT_TARGET = 9.3;
				MTL_ENABLE_DEBUG_INFO = NO;
				SDKROOT = iphoneos;
				TARGETED_DEVICE_FAMILY = "1,2";
				VALIDATE_PRODUCT = YES;
			};
			name = Release;
		};
		C0D3AE0F1D4BA68B00509720 /* Debug */ = {
			isa = XCBuildConfiguration;
			buildSettings = {
				ASSETCATALOG_COMPILER_APPICON_NAME = AppIcon;
				FRAMEWORK_SEARCH_PATHS = (
					"$(inherited)",
					"$(PROJECT_DIR)",
				);
				INFOPLIST_FILE = AdsTutorial/Info.plist;
				LD_RUNPATH_SEARCH_PATHS = "$(inherited) @executable_path/Frameworks";
				PRODUCT_BUNDLE_IDENTIFIER = com.appcoda.AdsTutorial;
				PRODUCT_NAME = "$(TARGET_NAME)";
				SWIFT_OBJC_BRIDGING_HEADER = "AdsTutorial/AdsTutorial-Bridging-Header.h";
			};
			name = Debug;
		};
		C0D3AE101D4BA68B00509720 /* Release */ = {
			isa = XCBuildConfiguration;
			buildSettings = {
				ASSETCATALOG_COMPILER_APPICON_NAME = AppIcon;
				FRAMEWORK_SEARCH_PATHS = (
					"$(inherited)",
					"$(PROJECT_DIR)",
				);
				INFOPLIST_FILE = AdsTutorial/Info.plist;
				LD_RUNPATH_SEARCH_PATHS = "$(inherited) @executable_path/Frameworks";
				PRODUCT_BUNDLE_IDENTIFIER = com.appcoda.AdsTutorial;
				PRODUCT_NAME = "$(TARGET_NAME)";
				SWIFT_OBJC_BRIDGING_HEADER = "AdsTutorial/AdsTutorial-Bridging-Header.h";
			};
			name = Release;
		};
/* End XCBuildConfiguration section */

/* Begin XCConfigurationList section */
		C0D3ADF51D4BA68B00509720 /* Build configuration list for PBXProject "AdsTutorial" */ = {
			isa = XCConfigurationList;
			buildConfigurations = (
				C0D3AE0C1D4BA68B00509720 /* Debug */,
				C0D3AE0D1D4BA68B00509720 /* Release */,
			);
			defaultConfigurationIsVisible = 0;
			defaultConfigurationName = Release;
		};
		C0D3AE0E1D4BA68B00509720 /* Build configuration list for PBXNativeTarget "AdsTutorial" */ = {
			isa = XCConfigurationList;
			buildConfigurations = (
				C0D3AE0F1D4BA68B00509720 /* Debug */,
				C0D3AE101D4BA68B00509720 /* Release */,
			);
			defaultConfigurationIsVisible = 0;
			defaultConfigurationName = Release;
		};
/* End XCConfigurationList section */
	};
	rootObject = C0D3ADF21D4BA68B00509720 /* Project object */;
}
